// !$*UTF8*$!
{
	archiveVersion = 1;
	classes = {
	};
	objectVersion = 56;
	objects = {

/* Begin PBXBuildFile section */
		04A039DD2C7EC0CD00BCB9FA /* AppDelegate.swift in Sources */ = {isa = PBXBuildFile; fileRef = 04A039DC2C7EC0CD00BCB9FA /* AppDelegate.swift */; };
		04A039DF2C7EC0CD00BCB9FA /* SceneDelegate.swift in Sources */ = {isa = PBXBuildFile; fileRef = 04A039DE2C7EC0CD00BCB9FA /* SceneDelegate.swift */; };
		04A039E12C7EC0CD00BCB9FA /* ViewController.swift in Sources */ = {isa = PBXBuildFile; fileRef = 04A039E02C7EC0CD00BCB9FA /* ViewController.swift */; };
		04A039E42C7EC0CD00BCB9FA /* Main.storyboard in Resources */ = {isa = PBXBuildFile; fileRef = 04A039E22C7EC0CD00BCB9FA /* Main.storyboard */; };
		04A039E72C7EC0CD00BCB9FA /* MoviesApp.xcdatamodeld in Sources */ = {isa = PBXBuildFile; fileRef = 04A039E52C7EC0CD00BCB9FA /* MoviesApp.xcdatamodeld */; };
		04A039E92C7EC0CF00BCB9FA /* Assets.xcassets in Resources */ = {isa = PBXBuildFile; fileRef = 04A039E82C7EC0CF00BCB9FA /* Assets.xcassets */; };
		04A039EC2C7EC0CF00BCB9FA /* LaunchScreen.storyboard in Resources */ = {isa = PBXBuildFile; fileRef = 04A039EA2C7EC0CF00BCB9FA /* LaunchScreen.storyboard */; };
		04A039F72C7EC0CF00BCB9FA /* MoviesAppTests.swift in Sources */ = {isa = PBXBuildFile; fileRef = 04A039F62C7EC0CF00BCB9FA /* MoviesAppTests.swift */; };
		04A03A012C7EC0CF00BCB9FA /* MoviesAppUITests.swift in Sources */ = {isa = PBXBuildFile; fileRef = 04A03A002C7EC0CF00BCB9FA /* MoviesAppUITests.swift */; };
		04A03A032C7EC0CF00BCB9FA /* MoviesAppUITestsLaunchTests.swift in Sources */ = {isa = PBXBuildFile; fileRef = 04A03A022C7EC0CF00BCB9FA /* MoviesAppUITestsLaunchTests.swift */; };
/* End PBXBuildFile section */

/* Begin PBXContainerItemProxy section */
		04A039F32C7EC0CF00BCB9FA /* PBXContainerItemProxy */ = {
			isa = PBXContainerItemProxy;
			containerPortal = 04A039D12C7EC0CD00BCB9FA /* Project object */;
			proxyType = 1;
			remoteGlobalIDString = 04A039D82C7EC0CD00BCB9FA;
			remoteInfo = MoviesApp;
		};
		04A039FD2C7EC0CF00BCB9FA /* PBXContainerItemProxy */ = {
			isa = PBXContainerItemProxy;
			containerPortal = 04A039D12C7EC0CD00BCB9FA /* Project object */;
			proxyType = 1;
			remoteGlobalIDString = 04A039D82C7EC0CD00BCB9FA;
			remoteInfo = MoviesApp;
		};
/* End PBXContainerItemProxy section */

/* Begin PBXFileReference section */
		04A039D92C7EC0CD00BCB9FA /* MoviesApp.app */ = {isa = PBXFileReference; explicitFileType = wrapper.application; includeInIndex = 0; path = MoviesApp.app; sourceTree = BUILT_PRODUCTS_DIR; };
		04A039DC2C7EC0CD00BCB9FA /* AppDelegate.swift */ = {isa = PBXFileReference; lastKnownFileType = sourcecode.swift; path = AppDelegate.swift; sourceTree = "<group>"; };
		04A039DE2C7EC0CD00BCB9FA /* SceneDelegate.swift */ = {isa = PBXFileReference; lastKnownFileType = sourcecode.swift; path = SceneDelegate.swift; sourceTree = "<group>"; };
		04A039E02C7EC0CD00BCB9FA /* ViewController.swift */ = {isa = PBXFileReference; lastKnownFileType = sourcecode.swift; path = ViewController.swift; sourceTree = "<group>"; };
		04A039E32C7EC0CD00BCB9FA /* Base */ = {isa = PBXFileReference; lastKnownFileType = file.storyboard; name = Base; path = Base.lproj/Main.storyboard; sourceTree = "<group>"; };
		04A039E62C7EC0CD00BCB9FA /* MoviesApp.xcdatamodel */ = {isa = PBXFileReference; lastKnownFileType = wrapper.xcdatamodel; path = MoviesApp.xcdatamodel; sourceTree = "<group>"; };
		04A039E82C7EC0CF00BCB9FA /* Assets.xcassets */ = {isa = PBXFileReference; lastKnownFileType = folder.assetcatalog; path = Assets.xcassets; sourceTree = "<group>"; };
		04A039EB2C7EC0CF00BCB9FA /* Base */ = {isa = PBXFileReference; lastKnownFileType = file.storyboard; name = Base; path = Base.lproj/LaunchScreen.storyboard; sourceTree = "<group>"; };
		04A039ED2C7EC0CF00BCB9FA /* Info.plist */ = {isa = PBXFileReference; lastKnownFileType = text.plist.xml; path = Info.plist; sourceTree = "<group>"; };
		04A039F22C7EC0CF00BCB9FA /* MoviesAppTests.xctest */ = {isa = PBXFileReference; explicitFileType = wrapper.cfbundle; includeInIndex = 0; path = MoviesAppTests.xctest; sourceTree = BUILT_PRODUCTS_DIR; };
		04A039F62C7EC0CF00BCB9FA /* MoviesAppTests.swift */ = {isa = PBXFileReference; lastKnownFileType = sourcecode.swift; path = MoviesAppTests.swift; sourceTree = "<group>"; };
		04A039FC2C7EC0CF00BCB9FA /* MoviesAppUITests.xctest */ = {isa = PBXFileReference; explicitFileType = wrapper.cfbundle; includeInIndex = 0; path = MoviesAppUITests.xctest; sourceTree = BUILT_PRODUCTS_DIR; };
		04A03A002C7EC0CF00BCB9FA /* MoviesAppUITests.swift */ = {isa = PBXFileReference; lastKnownFileType = sourcecode.swift; path = MoviesAppUITests.swift; sourceTree = "<group>"; };
		04A03A022C7EC0CF00BCB9FA /* MoviesAppUITestsLaunchTests.swift */ = {isa = PBXFileReference; lastKnownFileType = sourcecode.swift; path = MoviesAppUITestsLaunchTests.swift; sourceTree = "<group>"; };
/* End PBXFileReference section */

/* Begin PBXFrameworksBuildPhase section */
		04A039D62C7EC0CD00BCB9FA /* Frameworks */ = {
			isa = PBXFrameworksBuildPhase;
			buildActionMask = 2147483647;
			files = (
			);
			runOnlyForDeploymentPostprocessing = 0;
		};
		04A039EF2C7EC0CF00BCB9FA /* Frameworks */ = {
			isa = PBXFrameworksBuildPhase;
			buildActionMask = 2147483647;
			files = (
			);
			runOnlyForDeploymentPostprocessing = 0;
		};
		04A039F92C7EC0CF00BCB9FA /* Frameworks */ = {
			isa = PBXFrameworksBuildPhase;
			buildActionMask = 2147483647;
			files = (
			);
			runOnlyForDeploymentPostprocessing = 0;
		};
/* End PBXFrameworksBuildPhase section */

/* Begin PBXGroup section */
		04A039D02C7EC0CD00BCB9FA = {
			isa = PBXGroup;
			children = (
				04A039DB2C7EC0CD00BCB9FA /* MoviesApp */,
				04A039F52C7EC0CF00BCB9FA /* MoviesAppTests */,
				04A039FF2C7EC0CF00BCB9FA /* MoviesAppUITests */,
				04A039DA2C7EC0CD00BCB9FA /* Products */,
			);
			sourceTree = "<group>";
		};
		04A039DA2C7EC0CD00BCB9FA /* Products */ = {
			isa = PBXGroup;
			children = (
				04A039D92C7EC0CD00BCB9FA /* MoviesApp.app */,
				04A039F22C7EC0CF00BCB9FA /* MoviesAppTests.xctest */,
				04A039FC2C7EC0CF00BCB9FA /* MoviesAppUITests.xctest */,
			);
			name = Products;
			sourceTree = "<group>";
		};
		04A039DB2C7EC0CD00BCB9FA /* MoviesApp */ = {
			isa = PBXGroup;
			children = (
				04A039DC2C7EC0CD00BCB9FA /* AppDelegate.swift */,
				04A039DE2C7EC0CD00BCB9FA /* SceneDelegate.swift */,
				04A039E02C7EC0CD00BCB9FA /* ViewController.swift */,
				04A039E22C7EC0CD00BCB9FA /* Main.storyboard */,
				04A039E82C7EC0CF00BCB9FA /* Assets.xcassets */,
				04A039EA2C7EC0CF00BCB9FA /* LaunchScreen.storyboard */,
				04A039ED2C7EC0CF00BCB9FA /* Info.plist */,
				04A039E52C7EC0CD00BCB9FA /* MoviesApp.xcdatamodeld */,
			);
			path = MoviesApp;
			sourceTree = "<group>";
		};
		04A039F52C7EC0CF00BCB9FA /* MoviesAppTests */ = {
			isa = PBXGroup;
			children = (
				04A039F62C7EC0CF00BCB9FA /* MoviesAppTests.swift */,
			);
			path = MoviesAppTests;
			sourceTree = "<group>";
		};
		04A039FF2C7EC0CF00BCB9FA /* MoviesAppUITests */ = {
			isa = PBXGroup;
			children = (
				04A03A002C7EC0CF00BCB9FA /* MoviesAppUITests.swift */,
				04A03A022C7EC0CF00BCB9FA /* MoviesAppUITestsLaunchTests.swift */,
			);
			path = MoviesAppUITests;
			sourceTree = "<group>";
		};
/* End PBXGroup section */

/* Begin PBXNativeTarget section */
		04A039D82C7EC0CD00BCB9FA /* MoviesApp */ = {
			isa = PBXNativeTarget;
			buildConfigurationList = 04A03A062C7EC0CF00BCB9FA /* Build configuration list for PBXNativeTarget "MoviesApp" */;
			buildPhases = (
				04A039D52C7EC0CD00BCB9FA /* Sources */,
				04A039D62C7EC0CD00BCB9FA /* Frameworks */,
				04A039D72C7EC0CD00BCB9FA /* Resources */,
			);
			buildRules = (
			);
			dependencies = (
			);
			name = MoviesApp;
			productName = MoviesApp;
			productReference = 04A039D92C7EC0CD00BCB9FA /* MoviesApp.app */;
			productType = "com.apple.product-type.application";
		};
		04A039F12C7EC0CF00BCB9FA /* MoviesAppTests */ = {
			isa = PBXNativeTarget;
			buildConfigurationList = 04A03A092C7EC0CF00BCB9FA /* Build configuration list for PBXNativeTarget "MoviesAppTests" */;
			buildPhases = (
				04A039EE2C7EC0CF00BCB9FA /* Sources */,
				04A039EF2C7EC0CF00BCB9FA /* Frameworks */,
				04A039F02C7EC0CF00BCB9FA /* Resources */,
			);
			buildRules = (
			);
			dependencies = (
				04A039F42C7EC0CF00BCB9FA /* PBXTargetDependency */,
			);
			name = MoviesAppTests;
			productName = MoviesAppTests;
			productReference = 04A039F22C7EC0CF00BCB9FA /* MoviesAppTests.xctest */;
			productType = "com.apple.product-type.bundle.unit-test";
		};
		04A039FB2C7EC0CF00BCB9FA /* MoviesAppUITests */ = {
			isa = PBXNativeTarget;
			buildConfigurationList = 04A03A0C2C7EC0CF00BCB9FA /* Build configuration list for PBXNativeTarget "MoviesAppUITests" */;
			buildPhases = (
				04A039F82C7EC0CF00BCB9FA /* Sources */,
				04A039F92C7EC0CF00BCB9FA /* Frameworks */,
				04A039FA2C7EC0CF00BCB9FA /* Resources */,
			);
			buildRules = (
			);
			dependencies = (
				04A039FE2C7EC0CF00BCB9FA /* PBXTargetDependency */,
			);
			name = MoviesAppUITests;
			productName = MoviesAppUITests;
			productReference = 04A039FC2C7EC0CF00BCB9FA /* MoviesAppUITests.xctest */;
			productType = "com.apple.product-type.bundle.ui-testing";
		};
/* End PBXNativeTarget section */

/* Begin PBXProject section */
		04A039D12C7EC0CD00BCB9FA /* Project object */ = {
			isa = PBXProject;
			attributes = {
				BuildIndependentTargetsInParallel = 1;
				LastSwiftUpdateCheck = 1520;
				LastUpgradeCheck = 1520;
				TargetAttributes = {
					04A039D82C7EC0CD00BCB9FA = {
						CreatedOnToolsVersion = 15.2;
					};
					04A039F12C7EC0CF00BCB9FA = {
						CreatedOnToolsVersion = 15.2;
						TestTargetID = 04A039D82C7EC0CD00BCB9FA;
					};
					04A039FB2C7EC0CF00BCB9FA = {
						CreatedOnToolsVersion = 15.2;
						TestTargetID = 04A039D82C7EC0CD00BCB9FA;
					};
				};
			};
			buildConfigurationList = 04A039D42C7EC0CD00BCB9FA /* Build configuration list for PBXProject "MoviesApp" */;
			compatibilityVersion = "Xcode 14.0";
			developmentRegion = en;
			hasScannedForEncodings = 0;
			knownRegions = (
				en,
				Base,
			);
			mainGroup = 04A039D02C7EC0CD00BCB9FA;
			productRefGroup = 04A039DA2C7EC0CD00BCB9FA /* Products */;
			projectDirPath = "";
			projectRoot = "";
			targets = (
				04A039D82C7EC0CD00BCB9FA /* MoviesApp */,
				04A039F12C7EC0CF00BCB9FA /* MoviesAppTests */,
				04A039FB2C7EC0CF00BCB9FA /* MoviesAppUITests */,
			);
		};
/* End PBXProject section */

/* Begin PBXResourcesBuildPhase section */
		04A039D72C7EC0CD00BCB9FA /* Resources */ = {
			isa = PBXResourcesBuildPhase;
			buildActionMask = 2147483647;
			files = (
				04A039EC2C7EC0CF00BCB9FA /* LaunchScreen.storyboard in Resources */,
				04A039E92C7EC0CF00BCB9FA /* Assets.xcassets in Resources */,
				04A039E42C7EC0CD00BCB9FA /* Main.storyboard in Resources */,
			);
			runOnlyForDeploymentPostprocessing = 0;
		};
		04A039F02C7EC0CF00BCB9FA /* Resources */ = {
			isa = PBXResourcesBuildPhase;
			buildActionMask = 2147483647;
			files = (
			);
			runOnlyForDeploymentPostprocessing = 0;
		};
		04A039FA2C7EC0CF00BCB9FA /* Resources */ = {
			isa = PBXResourcesBuildPhase;
			buildActionMask = 2147483647;
			files = (
			);
			runOnlyForDeploymentPostprocessing = 0;
		};
/* End PBXResourcesBuildPhase section */

/* Begin PBXSourcesBuildPhase section */
		04A039D52C7EC0CD00BCB9FA /* Sources */ = {
			isa = PBXSourcesBuildPhase;
			buildActionMask = 2147483647;
			files = (
				04A039E12C7EC0CD00BCB9FA /* ViewController.swift in Sources */,
				04A039DD2C7EC0CD00BCB9FA /* AppDelegate.swift in Sources */,
				04A039E72C7EC0CD00BCB9FA /* MoviesApp.xcdatamodeld in Sources */,
				04A039DF2C7EC0CD00BCB9FA /* SceneDelegate.swift in Sources */,
			);
			runOnlyForDeploymentPostprocessing = 0;
		};
		04A039EE2C7EC0CF00BCB9FA /* Sources */ = {
			isa = PBXSourcesBuildPhase;
			buildActionMask = 2147483647;
			files = (
				04A039F72C7EC0CF00BCB9FA /* MoviesAppTests.swift in Sources */,
			);
			runOnlyForDeploymentPostprocessing = 0;
		};
		04A039F82C7EC0CF00BCB9FA /* Sources */ = {
			isa = PBXSourcesBuildPhase;
			buildActionMask = 2147483647;
			files = (
				04A03A012C7EC0CF00BCB9FA /* MoviesAppUITests.swift in Sources */,
				04A03A032C7EC0CF00BCB9FA /* MoviesAppUITestsLaunchTests.swift in Sources */,
			);
			runOnlyForDeploymentPostprocessing = 0;
		};
/* End PBXSourcesBuildPhase section */

/* Begin PBXTargetDependency section */
		04A039F42C7EC0CF00BCB9FA /* PBXTargetDependency */ = {
			isa = PBXTargetDependency;
			target = 04A039D82C7EC0CD00BCB9FA /* MoviesApp */;
			targetProxy = 04A039F32C7EC0CF00BCB9FA /* PBXContainerItemProxy */;
		};
		04A039FE2C7EC0CF00BCB9FA /* PBXTargetDependency */ = {
			isa = PBXTargetDependency;
			target = 04A039D82C7EC0CD00BCB9FA /* MoviesApp */;
			targetProxy = 04A039FD2C7EC0CF00BCB9FA /* PBXContainerItemProxy */;
		};
/* End PBXTargetDependency section */

/* Begin PBXVariantGroup section */
		04A039E22C7EC0CD00BCB9FA /* Main.storyboard */ = {
			isa = PBXVariantGroup;
			children = (
				04A039E32C7EC0CD00BCB9FA /* Base */,
			);
			name = Main.storyboard;
			sourceTree = "<group>";
		};
		04A039EA2C7EC0CF00BCB9FA /* LaunchScreen.storyboard */ = {
			isa = PBXVariantGroup;
			children = (
				04A039EB2C7EC0CF00BCB9FA /* Base */,
			);
			name = LaunchScreen.storyboard;
			sourceTree = "<group>";
		};
/* End PBXVariantGroup section */

/* Begin XCBuildConfiguration section */
		04A03A042C7EC0CF00BCB9FA /* Debug */ = {
			isa = XCBuildConfiguration;
			buildSettings = {
				ALWAYS_SEARCH_USER_PATHS = NO;
				ASSETCATALOG_COMPILER_GENERATE_SWIFT_ASSET_SYMBOL_EXTENSIONS = YES;
				CLANG_ANALYZER_NONNULL = YES;
				CLANG_ANALYZER_NUMBER_OBJECT_CONVERSION = YES_AGGRESSIVE;
				CLANG_CXX_LANGUAGE_STANDARD = "gnu++20";
				CLANG_ENABLE_MODULES = YES;
				CLANG_ENABLE_OBJC_ARC = YES;
				CLANG_ENABLE_OBJC_WEAK = YES;
				CLANG_WARN_BLOCK_CAPTURE_AUTORELEASING = YES;
				CLANG_WARN_BOOL_CONVERSION = YES;
				CLANG_WARN_COMMA = YES;
				CLANG_WARN_CONSTANT_CONVERSION = YES;
				CLANG_WARN_DEPRECATED_OBJC_IMPLEMENTATIONS = YES;
				CLANG_WARN_DIRECT_OBJC_ISA_USAGE = YES_ERROR;
				CLANG_WARN_DOCUMENTATION_COMMENTS = YES;
				CLANG_WARN_EMPTY_BODY = YES;
				CLANG_WARN_ENUM_CONVERSION = YES;
				CLANG_WARN_INFINITE_RECURSION = YES;
				CLANG_WARN_INT_CONVERSION = YES;
				CLANG_WARN_NON_LITERAL_NULL_CONVERSION = YES;
				CLANG_WARN_OBJC_IMPLICIT_RETAIN_SELF = YES;
				CLANG_WARN_OBJC_LITERAL_CONVERSION = YES;
				CLANG_WARN_OBJC_ROOT_CLASS = YES_ERROR;
				CLANG_WARN_QUOTED_INCLUDE_IN_FRAMEWORK_HEADER = YES;
				CLANG_WARN_RANGE_LOOP_ANALYSIS = YES;
				CLANG_WARN_STRICT_PROTOTYPES = YES;
				CLANG_WARN_SUSPICIOUS_MOVE = YES;
				CLANG_WARN_UNGUARDED_AVAILABILITY = YES_AGGRESSIVE;
				CLANG_WARN_UNREACHABLE_CODE = YES;
				CLANG_WARN__DUPLICATE_METHOD_MATCH = YES;
				COPY_PHASE_STRIP = NO;
				DEBUG_INFORMATION_FORMAT = dwarf;
				ENABLE_STRICT_OBJC_MSGSEND = YES;
				ENABLE_TESTABILITY = YES;
				ENABLE_USER_SCRIPT_SANDBOXING = YES;
				GCC_C_LANGUAGE_STANDARD = gnu17;
				GCC_DYNAMIC_NO_PIC = NO;
				GCC_NO_COMMON_BLOCKS = YES;
				GCC_OPTIMIZATION_LEVEL = 0;
				GCC_PREPROCESSOR_DEFINITIONS = (
					"DEBUG=1",
					"$(inherited)",
				);
				GCC_WARN_64_TO_32_BIT_CONVERSION = YES;
				GCC_WARN_ABOUT_RETURN_TYPE = YES_ERROR;
				GCC_WARN_UNDECLARED_SELECTOR = YES;
				GCC_WARN_UNINITIALIZED_AUTOS = YES_AGGRESSIVE;
				GCC_WARN_UNUSED_FUNCTION = YES;
				GCC_WARN_UNUSED_VARIABLE = YES;
				IPHONEOS_DEPLOYMENT_TARGET = 17.2;
				LOCALIZATION_PREFERS_STRING_CATALOGS = YES;
				MTL_ENABLE_DEBUG_INFO = INCLUDE_SOURCE;
				MTL_FAST_MATH = YES;
				ONLY_ACTIVE_ARCH = YES;
				SDKROOT = iphoneos;
				SWIFT_ACTIVE_COMPILATION_CONDITIONS = "DEBUG $(inherited)";
				SWIFT_OPTIMIZATION_LEVEL = "-Onone";
			};
			name = Debug;
		};
		04A03A052C7EC0CF00BCB9FA /* Release */ = {
			isa = XCBuildConfiguration;
			buildSettings = {
				ALWAYS_SEARCH_USER_PATHS = NO;
				ASSETCATALOG_COMPILER_GENERATE_SWIFT_ASSET_SYMBOL_EXTENSIONS = YES;
				CLANG_ANALYZER_NONNULL = YES;
				CLANG_ANALYZER_NUMBER_OBJECT_CONVERSION = YES_AGGRESSIVE;
				CLANG_CXX_LANGUAGE_STANDARD = "gnu++20";
				CLANG_ENABLE_MODULES = YES;
				CLANG_ENABLE_OBJC_ARC = YES;
				CLANG_ENABLE_OBJC_WEAK = YES;
				CLANG_WARN_BLOCK_CAPTURE_AUTORELEASING = YES;
				CLANG_WARN_BOOL_CONVERSION = YES;
				CLANG_WARN_COMMA = YES;
				CLANG_WARN_CONSTANT_CONVERSION = YES;
				CLANG_WARN_DEPRECATED_OBJC_IMPLEMENTATIONS = YES;
				CLANG_WARN_DIRECT_OBJC_ISA_USAGE = YES_ERROR;
				CLANG_WARN_DOCUMENTATION_COMMENTS = YES;
				CLANG_WARN_EMPTY_BODY = YES;
				CLANG_WARN_ENUM_CONVERSION = YES;
				CLANG_WARN_INFINITE_RECURSION = YES;
				CLANG_WARN_INT_CONVERSION = YES;
				CLANG_WARN_NON_LITERAL_NULL_CONVERSION = YES;
				CLANG_WARN_OBJC_IMPLICIT_RETAIN_SELF = YES;
				CLANG_WARN_OBJC_LITERAL_CONVERSION = YES;
				CLANG_WARN_OBJC_ROOT_CLASS = YES_ERROR;
				CLANG_WARN_QUOTED_INCLUDE_IN_FRAMEWORK_HEADER = YES;
				CLANG_WARN_RANGE_LOOP_ANALYSIS = YES;
				CLANG_WARN_STRICT_PROTOTYPES = YES;
				CLANG_WARN_SUSPICIOUS_MOVE = YES;
				CLANG_WARN_UNGUARDED_AVAILABILITY = YES_AGGRESSIVE;
				CLANG_WARN_UNREACHABLE_CODE = YES;
				CLANG_WARN__DUPLICATE_METHOD_MATCH = YES;
				COPY_PHASE_STRIP = NO;
				DEBUG_INFORMATION_FORMAT = "dwarf-with-dsym";
				ENABLE_NS_ASSERTIONS = NO;
				ENABLE_STRICT_OBJC_MSGSEND = YES;
				ENABLE_USER_SCRIPT_SANDBOXING = YES;
				GCC_C_LANGUAGE_STANDARD = gnu17;
				GCC_NO_COMMON_BLOCKS = YES;
				GCC_WARN_64_TO_32_BIT_CONVERSION = YES;
				GCC_WARN_ABOUT_RETURN_TYPE = YES_ERROR;
				GCC_WARN_UNDECLARED_SELECTOR = YES;
				GCC_WARN_UNINITIALIZED_AUTOS = YES_AGGRESSIVE;
				GCC_WARN_UNUSED_FUNCTION = YES;
				GCC_WARN_UNUSED_VARIABLE = YES;
				IPHONEOS_DEPLOYMENT_TARGET = 17.2;
				LOCALIZATION_PREFERS_STRING_CATALOGS = YES;
				MTL_ENABLE_DEBUG_INFO = NO;
				MTL_FAST_MATH = YES;
				SDKROOT = iphoneos;
				SWIFT_COMPILATION_MODE = wholemodule;
				VALIDATE_PRODUCT = YES;
			};
			name = Release;
		};
		04A03A072C7EC0CF00BCB9FA /* Debug */ = {
			isa = XCBuildConfiguration;
			buildSettings = {
				ASSETCATALOG_COMPILER_APPICON_NAME = AppIcon;
				ASSETCATALOG_COMPILER_GLOBAL_ACCENT_COLOR_NAME = AccentColor;
				CODE_SIGN_STYLE = Automatic;
				CURRENT_PROJECT_VERSION = 1;
				GENERATE_INFOPLIST_FILE = YES;
				INFOPLIST_FILE = MoviesApp/Info.plist;
				INFOPLIST_KEY_UIApplicationSupportsIndirectInputEvents = YES;
				INFOPLIST_KEY_UILaunchStoryboardName = LaunchScreen;
				INFOPLIST_KEY_UIMainStoryboardFile = Main;
				INFOPLIST_KEY_UISupportedInterfaceOrientations_iPad = "UIInterfaceOrientationPortrait UIInterfaceOrientationPortraitUpsideDown UIInterfaceOrientationLandscapeLeft UIInterfaceOrientationLandscapeRight";
				INFOPLIST_KEY_UISupportedInterfaceOrientations_iPhone = "UIInterfaceOrientationPortrait UIInterfaceOrientationLandscapeLeft UIInterfaceOrientationLandscapeRight";
				LD_RUNPATH_SEARCH_PATHS = (
					"$(inherited)",
					"@executable_path/Frameworks",
				);
				MARKETING_VERSION = 1.0;
				PRODUCT_BUNDLE_IDENTIFIER = Com.Rani.MoviesApp;
				PRODUCT_NAME = "$(TARGET_NAME)";
				SWIFT_EMIT_LOC_STRINGS = YES;
				SWIFT_VERSION = 5.0;
				TARGETED_DEVICE_FAMILY = "1,2";
			};
			name = Debug;
		};
		04A03A082C7EC0CF00BCB9FA /* Release */ = {
			isa = XCBuildConfiguration;
			buildSettings = {
				ASSETCATALOG_COMPILER_APPICON_NAME = AppIcon;
				ASSETCATALOG_COMPILER_GLOBAL_ACCENT_COLOR_NAME = AccentColor;
				CODE_SIGN_STYLE = Automatic;
				CURRENT_PROJECT_VERSION = 1;
				GENERATE_INFOPLIST_FILE = YES;
				INFOPLIST_FILE = MoviesApp/Info.plist;
				INFOPLIST_KEY_UIApplicationSupportsIndirectInputEvents = YES;
				INFOPLIST_KEY_UILaunchStoryboardName = LaunchScreen;
				INFOPLIST_KEY_UIMainStoryboardFile = Main;
				INFOPLIST_KEY_UISupportedInterfaceOrientations_iPad = "UIInterfaceOrientationPortrait UIInterfaceOrientationPortraitUpsideDown UIInterfaceOrientationLandscapeLeft UIInterfaceOrientationLandscapeRight";
				INFOPLIST_KEY_UISupportedInterfaceOrientations_iPhone = "UIInterfaceOrientationPortrait UIInterfaceOrientationLandscapeLeft UIInterfaceOrientationLandscapeRight";
				LD_RUNPATH_SEARCH_PATHS = (
					"$(inherited)",
					"@executable_path/Frameworks",
				);
				MARKETING_VERSION = 1.0;
				PRODUCT_BUNDLE_IDENTIFIER = Com.Rani.MoviesApp;
				PRODUCT_NAME = "$(TARGET_NAME)";
				SWIFT_EMIT_LOC_STRINGS = YES;
				SWIFT_VERSION = 5.0;
				TARGETED_DEVICE_FAMILY = "1,2";
			};
			name = Release;
		};
		04A03A0A2C7EC0CF00BCB9FA /* Debug */ = {
			isa = XCBuildConfiguration;
			buildSettings = {
				ALWAYS_EMBED_SWIFT_STANDARD_LIBRARIES = YES;
				BUNDLE_LOADER = "$(TEST_HOST)";
				CODE_SIGN_STYLE = Automatic;
				CURRENT_PROJECT_VERSION = 1;
				GENERATE_INFOPLIST_FILE = YES;
				IPHONEOS_DEPLOYMENT_TARGET = 17.2;
				MARKETING_VERSION = 1.0;
				PRODUCT_BUNDLE_IDENTIFIER = Com.Rani.MoviesAppTests;
				PRODUCT_NAME = "$(TARGET_NAME)";
				SWIFT_EMIT_LOC_STRINGS = NO;
				SWIFT_VERSION = 5.0;
				TARGETED_DEVICE_FAMILY = "1,2";
				TEST_HOST = "$(BUILT_PRODUCTS_DIR)/MoviesApp.app/$(BUNDLE_EXECUTABLE_FOLDER_PATH)/MoviesApp";
			};
			name = Debug;
		};
		04A03A0B2C7EC0CF00BCB9FA /* Release */ = {
			isa = XCBuildConfiguration;
			buildSettings = {
				ALWAYS_EMBED_SWIFT_STANDARD_LIBRARIES = YES;
				BUNDLE_LOADER = "$(TEST_HOST)";
				CODE_SIGN_STYLE = Automatic;
				CURRENT_PROJECT_VERSION = 1;
				GENERATE_INFOPLIST_FILE = YES;
				IPHONEOS_DEPLOYMENT_TARGET = 17.2;
				MARKETING_VERSION = 1.0;
				PRODUCT_BUNDLE_IDENTIFIER = Com.Rani.MoviesAppTests;
				PRODUCT_NAME = "$(TARGET_NAME)";
				SWIFT_EMIT_LOC_STRINGS = NO;
				SWIFT_VERSION = 5.0;
				TARGETED_DEVICE_FAMILY = "1,2";
				TEST_HOST = "$(BUILT_PRODUCTS_DIR)/MoviesApp.app/$(BUNDLE_EXECUTABLE_FOLDER_PATH)/MoviesApp";
			};
			name = Release;
		};
		04A03A0D2C7EC0CF00BCB9FA /* Debug */ = {
			isa = XCBuildConfiguration;
			buildSettings = {
				ALWAYS_EMBED_SWIFT_STANDARD_LIBRARIES = YES;
				CODE_SIGN_STYLE = Automatic;
				CURRENT_PROJECT_VERSION = 1;
				GENERATE_INFOPLIST_FILE = YES;
				MARKETING_VERSION = 1.0;
				PRODUCT_BUNDLE_IDENTIFIER = Com.Rani.MoviesAppUITests;
				PRODUCT_NAME = "$(TARGET_NAME)";
				SWIFT_EMIT_LOC_STRINGS = NO;
				SWIFT_VERSION = 5.0;
				TARGETED_DEVICE_FAMILY = "1,2";
				TEST_TARGET_NAME = MoviesApp;
			};
			name = Debug;
		};
		04A03A0E2C7EC0CF00BCB9FA /* Release */ = {
			isa = XCBuildConfiguration;
			buildSettings = {
				ALWAYS_EMBED_SWIFT_STANDARD_LIBRARIES = YES;
				CODE_SIGN_STYLE = Automatic;
				CURRENT_PROJECT_VERSION = 1;
				GENERATE_INFOPLIST_FILE = YES;
				MARKETING_VERSION = 1.0;
				PRODUCT_BUNDLE_IDENTIFIER = Com.Rani.MoviesAppUITests;
				PRODUCT_NAME = "$(TARGET_NAME)";
				SWIFT_EMIT_LOC_STRINGS = NO;
				SWIFT_VERSION = 5.0;
				TARGETED_DEVICE_FAMILY = "1,2";
				TEST_TARGET_NAME = MoviesApp;
			};
			name = Release;
		};
/* End XCBuildConfiguration section */

/* Begin XCConfigurationList section */
		04A039D42C7EC0CD00BCB9FA /* Build configuration list for PBXProject "MoviesApp" */ = {
			isa = XCConfigurationList;
			buildConfigurations = (
				04A03A042C7EC0CF00BCB9FA /* Debug */,
				04A03A052C7EC0CF00BCB9FA /* Release */,
			);
			defaultConfigurationIsVisible = 0;
			defaultConfigurationName = Release;
		};
		04A03A062C7EC0CF00BCB9FA /* Build configuration list for PBXNativeTarget "MoviesApp" */ = {
			isa = XCConfigurationList;
			buildConfigurations = (
				04A03A072C7EC0CF00BCB9FA /* Debug */,
				04A03A082C7EC0CF00BCB9FA /* Release */,
			);
			defaultConfigurationIsVisible = 0;
			defaultConfigurationName = Release;
		};
		04A03A092C7EC0CF00BCB9FA /* Build configuration list for PBXNativeTarget "MoviesAppTests" */ = {
			isa = XCConfigurationList;
			buildConfigurations = (
				04A03A0A2C7EC0CF00BCB9FA /* Debug */,
				04A03A0B2C7EC0CF00BCB9FA /* Release */,
			);
			defaultConfigurationIsVisible = 0;
			defaultConfigurationName = Release;
		};
		04A03A0C2C7EC0CF00BCB9FA /* Build configuration list for PBXNativeTarget "MoviesAppUITests" */ = {
			isa = XCConfigurationList;
			buildConfigurations = (
				04A03A0D2C7EC0CF00BCB9FA /* Debug */,
				04A03A0E2C7EC0CF00BCB9FA /* Release */,
			);
			defaultConfigurationIsVisible = 0;
			defaultConfigurationName = Release;
		};
/* End XCConfigurationList section */

/* Begin XCVersionGroup section */
		04A039E52C7EC0CD00BCB9FA /* MoviesApp.xcdatamodeld */ = {
			isa = XCVersionGroup;
			children = (
				04A039E62C7EC0CD00BCB9FA /* MoviesApp.xcdatamodel */,
			);
			currentVersion = 04A039E62C7EC0CD00BCB9FA /* MoviesApp.xcdatamodel */;
			path = MoviesApp.xcdatamodeld;
			sourceTree = "<group>";
			versionGroupType = wrapper.xcdatamodel;
		};
/* End XCVersionGroup section */
	};
	rootObject = 04A039D12C7EC0CD00BCB9FA /* Project object */;
}
